
Microsoft Visual Studio Solution File, Format Version 12.00
# Visual Studio Version 17
VisualStudioVersion = 17.1.32319.34
MinimumVisualStudioVersion = 10.0.40219.1
Project("{FAE04EC0-301F-11D3-BF4B-00C04F79EFBC}") = "Latte", "Latte.csproj", "{6544371C-0D97-4D1B-8F8D-F2D1219BDA7D}"
EndProject
Global
	GlobalSection(SolutionConfigurationPlatforms) = preSolution
		Debug|Any CPU = Debug|Any CPU
		Release|Any CPU = Release|Any CPU
	EndGlobalSection
	GlobalSection(ProjectConfigurationPlatforms) = postSolution
		{6544371C-0D97-4D1B-8F8D-F2D1219BDA7D}.Debug|Any CPU.ActiveCfg = Debug|Any CPU
		{6544371C-0D97-4D1B-8F8D-F2D1219BDA7D}.Debug|Any CPU.Build.0 = Debug|Any CPU
		{6544371C-0D97-4D1B-8F8D-F2D1219BDA7D}.Release|Any CPU.ActiveCfg = Release|Any CPU
		{6544371C-0D97-4D1B-8F8D-F2D1219BDA7D}.Release|Any CPU.Build.0 = Release|Any CPU
	EndGlobalSection
	GlobalSection(SolutionProperties) = preSolution
		HideSolutionNode = FALSE
	EndGlobalSection
	GlobalSection(ExtensibilityGlobals) = postSolution
		SolutionGuid = {718712A8-FCA3-4F49-BA05-A8AB6C5B8C76}
	EndGlobalSection
EndGlobal
